<?xml version="1.0" encoding="utf-8"?>
<Project ToolsVersion="4.0" xmlns="http://schemas.microsoft.com/developer/msbuild/2003">
  <ItemGroup>
    <Filter Include="Resources">
      <UniqueIdentifier>0ec436ce-05f0-41b2-9632-c967dc4b61cf</UniqueIdentifier>
      <Extensions>rc;ico;cur;bmp;dlg;rc2;rct;bin;rgs;gif;jpg;jpeg;jpe;resx;tiff;tif;png;wav;mfcribbon-ms</Extensions>
    </Filter>
  </ItemGroup>
  <ItemGroup>
    <ClInclude Include="pch.h" />
    <ClInclude Include="WinRTComponent.h" />
    <ClInclude Include="Cartoonifier.h" />
    <ClInclude Include="FrameData.h" />
    <ClInclude Include="Utils.h" />
  </ItemGroup>
  <ItemGroup>
    <ClCompile Include="pch.cpp" />
    <ClCompile Include="WinRTComponent.cpp" />
    <ClCompile Include="Cartoonifier.cpp" />
    <ClCompile Include="FrameProcessing.cpp" />
  </ItemGroup>
</Project>